
Microsoft Visual Studio Solution File, Format Version 12.00
# Visual Studio 15
VisualStudioVersion = 15.0.26730.8
MinimumVisualStudioVersion = 10.0.40219.1
Project("{8BC9CEB8-8B4A-11D0-8D11-00A0C91BC942}") = "类的封装2", "类的封装2\类的封装2.vcxproj", "{7BFFE1FA-7BD3-42B8-A2E1-3302708CF7BD}"
EndProject
Global
	GlobalSection(SolutionConfigurationPlatforms) = preSolution
		Debug|x64 = Debug|x64
		Debug|x86 = Debug|x86
		Release|x64 = Release|x64
		Release|x86 = Release|x86
	EndGlobalSection
	GlobalSection(ProjectConfigurationPlatforms) = postSolution
		{7BFFE1FA-7BD3-42B8-A2E1-3302708CF7BD}.Debug|x64.ActiveCfg = Debug|x64
		{7BFFE1FA-7BD3-42B8-A2E1-3302708CF7BD}.Debug|x64.Build.0 = Debug|x64
		{7BFFE1FA-7BD3-42B8-A2E1-3302708CF7BD}.Debug|x86.ActiveCfg = Debug|Win32
		{7BFFE1FA-7BD3-42B8-A2E1-3302708CF7BD}.Debug|x86.Build.0 = Debug|Win32
		{7BFFE1FA-7BD3-42B8-A2E1-3302708CF7BD}.Release|x64.ActiveCfg = Release|x64
		{7BFFE1FA-7BD3-42B8-A2E1-3302708CF7BD}.Release|x64.Build.0 = Release|x64
		{7BFFE1FA-7BD3-42B8-A2E1-3302708CF7BD}.Release|x86.ActiveCfg = Release|Win32
		{7BFFE1FA-7BD3-42B8-A2E1-3302708CF7BD}.Release|x86.Build.0 = Release|Win32
	EndGlobalSection
	GlobalSection(SolutionProperties) = preSolution
		HideSolutionNode = FALSE
	EndGlobalSection
	GlobalSection(ExtensibilityGlobals) = postSolution
		SolutionGuid = {6D793B5B-453A-4FEB-8578-D7A4B7C47A3A}
	EndGlobalSection
EndGlobal
